
Microsoft Visual Studio Solution File, Format Version 12.00
# Visual Studio Version 17
VisualStudioVersion = 17.13.35931.197 d17.13
MinimumVisualStudioVersion = 10.0.40219.1
Project("{FAE04EC0-301F-11D3-BF4B-00C04F79EFBC}") = "Keylogger", "Keylogger\Keylogger.csproj", "{7021E1DD-9398-4A4C-85BF-7588522B40F2}"
EndProject
Global
	GlobalSection(SolutionConfigurationPlatforms) = preSolution
		Debug|Any CPU = Debug|Any CPU
		Release|Any CPU = Release|Any CPU
	EndGlobalSection
	GlobalSection(ProjectConfigurationPlatforms) = postSolution
		{7021E1DD-9398-4A4C-85BF-7588522B40F2}.Debug|Any CPU.ActiveCfg = Debug|Any CPU
		{7021E1DD-9398-4A4C-85BF-7588522B40F2}.Debug|Any CPU.Build.0 = Debug|Any CPU
		{7021E1DD-9398-4A4C-85BF-7588522B40F2}.Release|Any CPU.ActiveCfg = Release|Any CPU
		{7021E1DD-9398-4A4C-85BF-7588522B40F2}.Release|Any CPU.Build.0 = Release|Any CPU
	EndGlobalSection
	GlobalSection(SolutionProperties) = preSolution
		HideSolutionNode = FALSE
	EndGlobalSection
	GlobalSection(ExtensibilityGlobals) = postSolution
		SolutionGuid = {25CB8EBA-15EA-4A3F-8520-0354EB70D82B}
	EndGlobalSection
EndGlobal
