
Microsoft Visual Studio Solution File, Format Version 12.00
# Visual Studio Version 17
VisualStudioVersion = 17.13.35806.99
MinimumVisualStudioVersion = 10.0.40219.1
Project("{FAE04EC0-301F-11D3-BF4B-00C04F79EFBC}") = "KeyLoggerLib", "KeyLoggerLib\KeyLoggerLib.csproj", "{50C18B90-314E-4BDB-B4A5-8D2B08F4AB38}"
EndProject
Project("{FAE04EC0-301F-11D3-BF4B-00C04F79EFBC}") = "KeyLoggerApp", "KeyLoggerApp\KeyLoggerApp.csproj", "{6D2ABE5F-6CE9-4F7C-8044-D9F798FC547B}"
EndProject
Project("{FAE04EC0-301F-11D3-BF4B-00C04F79EFBC}") = "KeyloggerTests", "KeyloggerTests\KeyloggerTests.csproj", "{2F7DEEB4-F98D-4044-BACD-AFF4FEFD0F4A}"
EndProject
Global
	GlobalSection(SolutionConfigurationPlatforms) = preSolution
		Debug|Any CPU = Debug|Any CPU
		Release|Any CPU = Release|Any CPU
	EndGlobalSection
	GlobalSection(ProjectConfigurationPlatforms) = postSolution
		{50C18B90-314E-4BDB-B4A5-8D2B08F4AB38}.Debug|Any CPU.ActiveCfg = Debug|Any CPU
		{50C18B90-314E-4BDB-B4A5-8D2B08F4AB38}.Debug|Any CPU.Build.0 = Debug|Any CPU
		{50C18B90-314E-4BDB-B4A5-8D2B08F4AB38}.Release|Any CPU.ActiveCfg = Release|Any CPU
		{50C18B90-314E-4BDB-B4A5-8D2B08F4AB38}.Release|Any CPU.Build.0 = Release|Any CPU
		{6D2ABE5F-6CE9-4F7C-8044-D9F798FC547B}.Debug|Any CPU.ActiveCfg = Debug|Any CPU
		{6D2ABE5F-6CE9-4F7C-8044-D9F798FC547B}.Debug|Any CPU.Build.0 = Debug|Any CPU
		{6D2ABE5F-6CE9-4F7C-8044-D9F798FC547B}.Release|Any CPU.ActiveCfg = Release|Any CPU
		{6D2ABE5F-6CE9-4F7C-8044-D9F798FC547B}.Release|Any CPU.Build.0 = Release|Any CPU
		{2F7DEEB4-F98D-4044-BACD-AFF4FEFD0F4A}.Debug|Any CPU.ActiveCfg = Debug|Any CPU
		{2F7DEEB4-F98D-4044-BACD-AFF4FEFD0F4A}.Debug|Any CPU.Build.0 = Debug|Any CPU
		{2F7DEEB4-F98D-4044-BACD-AFF4FEFD0F4A}.Release|Any CPU.ActiveCfg = Release|Any CPU
		{2F7DEEB4-F98D-4044-BACD-AFF4FEFD0F4A}.Release|Any CPU.Build.0 = Release|Any CPU
	EndGlobalSection
	GlobalSection(SolutionProperties) = preSolution
		HideSolutionNode = FALSE
	EndGlobalSection
	GlobalSection(ExtensibilityGlobals) = postSolution
		SolutionGuid = {3611B2F6-7DD5-4CCD-ACBB-253409EEA22E}
	EndGlobalSection
EndGlobal
